// !$*UTF8*$!
{
	archiveVersion = 1;
	classes = {
	};
	objectVersion = 50;
	objects = {

/* Begin PBXFileReference section */
		EA3714FB2676A65A00E5B0F9 /* LeeCode */ = {isa = PBXFileReference; lastKnownFileType = folder; path = LeeCode; sourceTree = "<group>"; };
/* End PBXFileReference section */

/* Begin PBXGroup section */
		EABCD743267693FA00B7F696 = {
			isa = PBXGroup;
			children = (
				EA3714FB2676A65A00E5B0F9 /* LeeCode */,
			);
			sourceTree = "<group>";
		};
/* End PBXGroup section */

/* Begin PBXProject section */
		EABCD744267693FA00B7F696 /* Project object */ = {
			isa = PBXProject;
			attributes = {
				LastUpgradeCheck = 1250;
			};
			buildConfigurationList = EABCD747267693FA00B7F696 /* Build configuration list for PBXProject "LeeCode" */;
			compatibilityVersion = "Xcode 9.3";
			developmentRegion = en;
			hasScannedForEncodings = 0;
			knownRegions = (
				en,
				Base,
			);
			mainGroup = EABCD743267693FA00B7F696;
			projectDirPath = "";
			projectRoot = "";
			targets = (
			);
		};
/* End PBXProject section */

/* Begin XCBuildConfiguration section */
		EABCD748267693FA00B7F696 /* Debug */ = {
			isa = XCBuildConfiguration;
			buildSettings = {
			};
			name = Debug;
		};
		EABCD749267693FA00B7F696 /* Release */ = {
			isa = XCBuildConfiguration;
			buildSettings = {
			};
			name = Release;
		};
/* End XCBuildConfiguration section */

/* Begin XCConfigurationList section */
		EABCD747267693FA00B7F696 /* Build configuration list for PBXProject "LeeCode" */ = {
			isa = XCConfigurationList;
			buildConfigurations = (
				EABCD748267693FA00B7F696 /* Debug */,
				EABCD749267693FA00B7F696 /* Release */,
			);
			defaultConfigurationIsVisible = 0;
			defaultConfigurationName = Release;
		};
/* End XCConfigurationList section */
	};
	rootObject = EABCD744267693FA00B7F696 /* Project object */;
}
